// !$*UTF8*$!
{
	archiveVersion = 1;
	classes = {
	};
	objectVersion = 50;
	objects = {

/* Begin PBXBuildFile section */
		6C3C969CD65A505954D1E247 /* Pods_Todoey.framework in Frameworks */ = {isa = PBXBuildFile; fileRef = E2D7782682A5F3644078373A /* Pods_Todoey.framework */; };
		C22E1A7B21B9063F009D82D7 /* MainViewBannerAdDelegate.swift in Sources */ = {isa = PBXBuildFile; fileRef = C22E1A7A21B9063F009D82D7 /* MainViewBannerAdDelegate.swift */; };
		C235619521CCB08900FA6EE6 /* CategoryViewController.swift in Sources */ = {isa = PBXBuildFile; fileRef = C235619421CCB08900FA6EE6 /* CategoryViewController.swift */; };
		C29D274421AE352500FE1609 /* AppDelegate.swift in Sources */ = {isa = PBXBuildFile; fileRef = C29D274321AE352500FE1609 /* AppDelegate.swift */; };
		C29D274621AE352500FE1609 /* ToDoViewController.swift in Sources */ = {isa = PBXBuildFile; fileRef = C29D274521AE352500FE1609 /* ToDoViewController.swift */; };
		C29D274921AE352500FE1609 /* Main.storyboard in Resources */ = {isa = PBXBuildFile; fileRef = C29D274721AE352500FE1609 /* Main.storyboard */; };
		C29D274B21AE352800FE1609 /* Assets.xcassets in Resources */ = {isa = PBXBuildFile; fileRef = C29D274A21AE352800FE1609 /* Assets.xcassets */; };
		C29D274E21AE352800FE1609 /* LaunchScreen.storyboard in Resources */ = {isa = PBXBuildFile; fileRef = C29D274C21AE352800FE1609 /* LaunchScreen.storyboard */; };
		C2FAD73321C0DCC3000C8E84 /* DataModel.xcdatamodeld in Sources */ = {isa = PBXBuildFile; fileRef = C2FAD73121C0DCC3000C8E84 /* DataModel.xcdatamodeld */; };
		C2FB744B229FE19C0076D577 /* Category.swift in Sources */ = {isa = PBXBuildFile; fileRef = C2FB744A229FE19C0076D577 /* Category.swift */; };
		C2FB744D229FE1E10076D577 /* Item.swift in Sources */ = {isa = PBXBuildFile; fileRef = C2FB744C229FE1E10076D577 /* Item.swift */; };
/* End PBXBuildFile section */

/* Begin PBXFileReference section */
		403E00AE8BD4B4FF9D945F6B /* Pods-Todoey.debug.xcconfig */ = {isa = PBXFileReference; includeInIndex = 1; lastKnownFileType = text.xcconfig; name = "Pods-Todoey.debug.xcconfig"; path = "Pods/Target Support Files/Pods-Todoey/Pods-Todoey.debug.xcconfig"; sourceTree = "<group>"; };
		A4F347E287210F29F03B83BD /* Pods-Todoey.release.xcconfig */ = {isa = PBXFileReference; includeInIndex = 1; lastKnownFileType = text.xcconfig; name = "Pods-Todoey.release.xcconfig"; path = "Pods/Target Support Files/Pods-Todoey/Pods-Todoey.release.xcconfig"; sourceTree = "<group>"; };
		C22E1A7A21B9063F009D82D7 /* MainViewBannerAdDelegate.swift */ = {isa = PBXFileReference; lastKnownFileType = sourcecode.swift; path = MainViewBannerAdDelegate.swift; sourceTree = "<group>"; };
		C235619421CCB08900FA6EE6 /* CategoryViewController.swift */ = {isa = PBXFileReference; lastKnownFileType = sourcecode.swift; path = CategoryViewController.swift; sourceTree = "<group>"; };
		C29D274021AE352500FE1609 /* Todoey.app */ = {isa = PBXFileReference; explicitFileType = wrapper.application; includeInIndex = 0; path = Todoey.app; sourceTree = BUILT_PRODUCTS_DIR; };
		C29D274321AE352500FE1609 /* AppDelegate.swift */ = {isa = PBXFileReference; lastKnownFileType = sourcecode.swift; path = AppDelegate.swift; sourceTree = "<group>"; };
		C29D274521AE352500FE1609 /* ToDoViewController.swift */ = {isa = PBXFileReference; lastKnownFileType = sourcecode.swift; path = ToDoViewController.swift; sourceTree = "<group>"; };
		C29D274821AE352500FE1609 /* Base */ = {isa = PBXFileReference; lastKnownFileType = file.storyboard; name = Base; path = Base.lproj/Main.storyboard; sourceTree = "<group>"; };
		C29D274A21AE352800FE1609 /* Assets.xcassets */ = {isa = PBXFileReference; lastKnownFileType = folder.assetcatalog; path = Assets.xcassets; sourceTree = "<group>"; };
		C29D274D21AE352800FE1609 /* Base */ = {isa = PBXFileReference; lastKnownFileType = file.storyboard; name = Base; path = Base.lproj/LaunchScreen.storyboard; sourceTree = "<group>"; };
		C29D274F21AE352800FE1609 /* Info.plist */ = {isa = PBXFileReference; lastKnownFileType = text.plist.xml; path = Info.plist; sourceTree = "<group>"; };
		C2FAD73221C0DCC3000C8E84 /* DataModel.xcdatamodel */ = {isa = PBXFileReference; lastKnownFileType = wrapper.xcdatamodel; path = DataModel.xcdatamodel; sourceTree = "<group>"; };
		C2FB744A229FE19C0076D577 /* Category.swift */ = {isa = PBXFileReference; lastKnownFileType = sourcecode.swift; path = Category.swift; sourceTree = "<group>"; };
		C2FB744C229FE1E10076D577 /* Item.swift */ = {isa = PBXFileReference; lastKnownFileType = sourcecode.swift; path = Item.swift; sourceTree = "<group>"; };
		E2D7782682A5F3644078373A /* Pods_Todoey.framework */ = {isa = PBXFileReference; explicitFileType = wrapper.framework; includeInIndex = 0; path = Pods_Todoey.framework; sourceTree = BUILT_PRODUCTS_DIR; };
/* End PBXFileReference section */

/* Begin PBXFrameworksBuildPhase section */
		C29D273D21AE352500FE1609 /* Frameworks */ = {
			isa = PBXFrameworksBuildPhase;
			buildActionMask = 2147483647;
			files = (
				6C3C969CD65A505954D1E247 /* Pods_Todoey.framework in Frameworks */,
			);
			runOnlyForDeploymentPostprocessing = 0;
		};
/* End PBXFrameworksBuildPhase section */

/* Begin PBXGroup section */
		23ECF7DD77BAE73139417F4F /* Frameworks */ = {
			isa = PBXGroup;
			children = (
				E2D7782682A5F3644078373A /* Pods_Todoey.framework */,
			);
			name = Frameworks;
			sourceTree = "<group>";
		};
		8DF42463BC89471B0DC707E1 /* Pods */ = {
			isa = PBXGroup;
			children = (
				403E00AE8BD4B4FF9D945F6B /* Pods-Todoey.debug.xcconfig */,
				A4F347E287210F29F03B83BD /* Pods-Todoey.release.xcconfig */,
			);
			name = Pods;
			sourceTree = "<group>";
		};
		C29D273721AE352500FE1609 = {
			isa = PBXGroup;
			children = (
				C29D274221AE352500FE1609 /* Todoey */,
				C29D274121AE352500FE1609 /* Products */,
				23ECF7DD77BAE73139417F4F /* Frameworks */,
				8DF42463BC89471B0DC707E1 /* Pods */,
			);
			sourceTree = "<group>";
		};
		C29D274121AE352500FE1609 /* Products */ = {
			isa = PBXGroup;
			children = (
				C29D274021AE352500FE1609 /* Todoey.app */,
			);
			name = Products;
			sourceTree = "<group>";
		};
		C29D274221AE352500FE1609 /* Todoey */ = {
			isa = PBXGroup;
			children = (
				C29D274321AE352500FE1609 /* AppDelegate.swift */,
				C29D275721AFAAEA00FE1609 /* DataModel */,
				C29D275921AFAB2700FE1609 /* View */,
				C29D275821AFAAF300FE1609 /* Controller */,
				C29D275A21AFAB4500FE1609 /* Supporting Files */,
				C29D274F21AE352800FE1609 /* Info.plist */,
			);
			path = Todoey;
			sourceTree = "<group>";
		};
		C29D275721AFAAEA00FE1609 /* DataModel */ = {
			isa = PBXGroup;
			children = (
				C2FAD73121C0DCC3000C8E84 /* DataModel.xcdatamodeld */,
				C2FB744A229FE19C0076D577 /* Category.swift */,
				C2FB744C229FE1E10076D577 /* Item.swift */,
			);
			path = DataModel;
			sourceTree = "<group>";
		};
		C29D275821AFAAF300FE1609 /* Controller */ = {
			isa = PBXGroup;
			children = (
				C235619421CCB08900FA6EE6 /* CategoryViewController.swift */,
				C29D274521AE352500FE1609 /* ToDoViewController.swift */,
				C22E1A7A21B9063F009D82D7 /* MainViewBannerAdDelegate.swift */,
			);
			path = Controller;
			sourceTree = "<group>";
		};
		C29D275921AFAB2700FE1609 /* View */ = {
			isa = PBXGroup;
			children = (
				C29D274721AE352500FE1609 /* Main.storyboard */,
			);
			path = View;
			sourceTree = "<group>";
		};
		C29D275A21AFAB4500FE1609 /* Supporting Files */ = {
			isa = PBXGroup;
			children = (
				C29D274A21AE352800FE1609 /* Assets.xcassets */,
				C29D274C21AE352800FE1609 /* LaunchScreen.storyboard */,
			);
			path = "Supporting Files";
			sourceTree = "<group>";
		};
/* End PBXGroup section */

/* Begin PBXNativeTarget section */
		C29D273F21AE352500FE1609 /* Todoey */ = {
			isa = PBXNativeTarget;
			buildConfigurationList = C29D275221AE352800FE1609 /* Build configuration list for PBXNativeTarget "Todoey" */;
			buildPhases = (
				68A6B25A97A05C08D071E8AF /* [CP] Check Pods Manifest.lock */,
				C29D273C21AE352500FE1609 /* Sources */,
				C29D273D21AE352500FE1609 /* Frameworks */,
				C29D273E21AE352500FE1609 /* Resources */,
				71021069B0DE32E7754413F8 /* [CP] Embed Pods Frameworks */,
			);
			buildRules = (
			);
			dependencies = (
			);
			name = Todoey;
			productName = Todoey;
			productReference = C29D274021AE352500FE1609 /* Todoey.app */;
			productType = "com.apple.product-type.application";
		};
/* End PBXNativeTarget section */

/* Begin PBXProject section */
		C29D273821AE352500FE1609 /* Project object */ = {
			isa = PBXProject;
			attributes = {
				LastSwiftUpdateCheck = 1000;
				LastUpgradeCheck = 1000;
				ORGANIZATIONNAME = "Bernard Lyu";
				TargetAttributes = {
					C29D273F21AE352500FE1609 = {
						CreatedOnToolsVersion = 10.0;
					};
				};
			};
			buildConfigurationList = C29D273B21AE352500FE1609 /* Build configuration list for PBXProject "Todoey" */;
			compatibilityVersion = "Xcode 9.3";
			developmentRegion = en;
			hasScannedForEncodings = 0;
			knownRegions = (
				en,
				Base,
			);
			mainGroup = C29D273721AE352500FE1609;
			productRefGroup = C29D274121AE352500FE1609 /* Products */;
			projectDirPath = "";
			projectRoot = "";
			targets = (
				C29D273F21AE352500FE1609 /* Todoey */,
			);
		};
/* End PBXProject section */

/* Begin PBXResourcesBuildPhase section */
		C29D273E21AE352500FE1609 /* Resources */ = {
			isa = PBXResourcesBuildPhase;
			buildActionMask = 2147483647;
			files = (
				C29D274E21AE352800FE1609 /* LaunchScreen.storyboard in Resources */,
				C29D274B21AE352800FE1609 /* Assets.xcassets in Resources */,
				C29D274921AE352500FE1609 /* Main.storyboard in Resources */,
			);
			runOnlyForDeploymentPostprocessing = 0;
		};
/* End PBXResourcesBuildPhase section */

/* Begin PBXShellScriptBuildPhase section */
		68A6B25A97A05C08D071E8AF /* [CP] Check Pods Manifest.lock */ = {
			isa = PBXShellScriptBuildPhase;
			buildActionMask = 2147483647;
			files = (
			);
			inputFileListPaths = (
			);
			inputPaths = (
				"${PODS_PODFILE_DIR_PATH}/Podfile.lock",
				"${PODS_ROOT}/Manifest.lock",
			);
			name = "[CP] Check Pods Manifest.lock";
			outputFileListPaths = (
			);
			outputPaths = (
				"$(DERIVED_FILE_DIR)/Pods-Todoey-checkManifestLockResult.txt",
			);
			runOnlyForDeploymentPostprocessing = 0;
			shellPath = /bin/sh;
			shellScript = "diff \"${PODS_PODFILE_DIR_PATH}/Podfile.lock\" \"${PODS_ROOT}/Manifest.lock\" > /dev/null\nif [ $? != 0 ] ; then\n    # print error to STDERR\n    echo \"error: The sandbox is not in sync with the Podfile.lock. Run 'pod install' or update your CocoaPods installation.\" >&2\n    exit 1\nfi\n# This output is used by Xcode 'outputs' to avoid re-running this script phase.\necho \"SUCCESS\" > \"${SCRIPT_OUTPUT_FILE_0}\"\n";
			showEnvVarsInLog = 0;
		};
		71021069B0DE32E7754413F8 /* [CP] Embed Pods Frameworks */ = {
			isa = PBXShellScriptBuildPhase;
			buildActionMask = 2147483647;
			files = (
			);
			inputFileListPaths = (
			);
			inputPaths = (
				"${SRCROOT}/Pods/Target Support Files/Pods-Todoey/Pods-Todoey-frameworks.sh",
				"${BUILT_PRODUCTS_DIR}/Realm/Realm.framework",
				"${BUILT_PRODUCTS_DIR}/RealmSwift/RealmSwift.framework",
			);
			name = "[CP] Embed Pods Frameworks";
			outputFileListPaths = (
			);
			outputPaths = (
				"${TARGET_BUILD_DIR}/${FRAMEWORKS_FOLDER_PATH}/Realm.framework",
				"${TARGET_BUILD_DIR}/${FRAMEWORKS_FOLDER_PATH}/RealmSwift.framework",
			);
			runOnlyForDeploymentPostprocessing = 0;
			shellPath = /bin/sh;
			shellScript = "\"${SRCROOT}/Pods/Target Support Files/Pods-Todoey/Pods-Todoey-frameworks.sh\"\n";
			showEnvVarsInLog = 0;
		};
/* End PBXShellScriptBuildPhase section */

/* Begin PBXSourcesBuildPhase section */
		C29D273C21AE352500FE1609 /* Sources */ = {
			isa = PBXSourcesBuildPhase;
			buildActionMask = 2147483647;
			files = (
				C235619521CCB08900FA6EE6 /* CategoryViewController.swift in Sources */,
				C29D274621AE352500FE1609 /* ToDoViewController.swift in Sources */,
				C2FAD73321C0DCC3000C8E84 /* DataModel.xcdatamodeld in Sources */,
				C29D274421AE352500FE1609 /* AppDelegate.swift in Sources */,
				C2FB744D229FE1E10076D577 /* Item.swift in Sources */,
				C22E1A7B21B9063F009D82D7 /* MainViewBannerAdDelegate.swift in Sources */,
				C2FB744B229FE19C0076D577 /* Category.swift in Sources */,
			);
			runOnlyForDeploymentPostprocessing = 0;
		};
/* End PBXSourcesBuildPhase section */

/* Begin PBXVariantGroup section */
		C29D274721AE352500FE1609 /* Main.storyboard */ = {
			isa = PBXVariantGroup;
			children = (
				C29D274821AE352500FE1609 /* Base */,
			);
			name = Main.storyboard;
			sourceTree = "<group>";
		};
		C29D274C21AE352800FE1609 /* LaunchScreen.storyboard */ = {
			isa = PBXVariantGroup;
			children = (
				C29D274D21AE352800FE1609 /* Base */,
			);
			name = LaunchScreen.storyboard;
			sourceTree = "<group>";
		};
/* End PBXVariantGroup section */

/* Begin XCBuildConfiguration section */
		C29D275021AE352800FE1609 /* Debug */ = {
			isa = XCBuildConfiguration;
			buildSettings = {
				ALWAYS_SEARCH_USER_PATHS = NO;
				CLANG_ANALYZER_NONNULL = YES;
				CLANG_ANALYZER_NUMBER_OBJECT_CONVERSION = YES_AGGRESSIVE;
				CLANG_CXX_LANGUAGE_STANDARD = "gnu++14";
				CLANG_CXX_LIBRARY = "libc++";
				CLANG_ENABLE_MODULES = YES;
				CLANG_ENABLE_OBJC_ARC = YES;
				CLANG_ENABLE_OBJC_WEAK = YES;
				CLANG_WARN_BLOCK_CAPTURE_AUTORELEASING = YES;
				CLANG_WARN_BOOL_CONVERSION = YES;
				CLANG_WARN_COMMA = YES;
				CLANG_WARN_CONSTANT_CONVERSION = YES;
				CLANG_WARN_DEPRECATED_OBJC_IMPLEMENTATIONS = YES;
				CLANG_WARN_DIRECT_OBJC_ISA_USAGE = YES_ERROR;
				CLANG_WARN_DOCUMENTATION_COMMENTS = YES;
				CLANG_WARN_EMPTY_BODY = YES;
				CLANG_WARN_ENUM_CONVERSION = YES;
				CLANG_WARN_INFINITE_RECURSION = YES;
				CLANG_WARN_INT_CONVERSION = YES;
				CLANG_WARN_NON_LITERAL_NULL_CONVERSION = YES;
				CLANG_WARN_OBJC_IMPLICIT_RETAIN_SELF = YES;
				CLANG_WARN_OBJC_LITERAL_CONVERSION = YES;
				CLANG_WARN_OBJC_ROOT_CLASS = YES_ERROR;
				CLANG_WARN_RANGE_LOOP_ANALYSIS = YES;
				CLANG_WARN_STRICT_PROTOTYPES = YES;
				CLANG_WARN_SUSPICIOUS_MOVE = YES;
				CLANG_WARN_UNGUARDED_AVAILABILITY = YES_AGGRESSIVE;
				CLANG_WARN_UNREACHABLE_CODE = YES;
				CLANG_WARN__DUPLICATE_METHOD_MATCH = YES;
				CODE_SIGN_IDENTITY = "iPhone Developer";
				COPY_PHASE_STRIP = NO;
				DEBUG_INFORMATION_FORMAT = dwarf;
				ENABLE_STRICT_OBJC_MSGSEND = YES;
				ENABLE_TESTABILITY = YES;
				GCC_C_LANGUAGE_STANDARD = gnu11;
				GCC_DYNAMIC_NO_PIC = NO;
				GCC_NO_COMMON_BLOCKS = YES;
				GCC_OPTIMIZATION_LEVEL = 0;
				GCC_PREPROCESSOR_DEFINITIONS = (
					"DEBUG=1",
					"$(inherited)",
				);
				GCC_WARN_64_TO_32_BIT_CONVERSION = YES;
				GCC_WARN_ABOUT_RETURN_TYPE = YES_ERROR;
				GCC_WARN_UNDECLARED_SELECTOR = YES;
				GCC_WARN_UNINITIALIZED_AUTOS = YES_AGGRESSIVE;
				GCC_WARN_UNUSED_FUNCTION = YES;
				GCC_WARN_UNUSED_VARIABLE = YES;
				IPHONEOS_DEPLOYMENT_TARGET = 12.0;
				MTL_ENABLE_DEBUG_INFO = INCLUDE_SOURCE;
				MTL_FAST_MATH = YES;
				ONLY_ACTIVE_ARCH = YES;
				SDKROOT = iphoneos;
				SWIFT_ACTIVE_COMPILATION_CONDITIONS = DEBUG;
				SWIFT_OPTIMIZATION_LEVEL = "-Onone";
			};
			name = Debug;
		};
		C29D275121AE352800FE1609 /* Release */ = {
			isa = XCBuildConfiguration;
			buildSettings = {
				ALWAYS_SEARCH_USER_PATHS = NO;
				CLANG_ANALYZER_NONNULL = YES;
				CLANG_ANALYZER_NUMBER_OBJECT_CONVERSION = YES_AGGRESSIVE;
				CLANG_CXX_LANGUAGE_STANDARD = "gnu++14";
				CLANG_CXX_LIBRARY = "libc++";
				CLANG_ENABLE_MODULES = YES;
				CLANG_ENABLE_OBJC_ARC = YES;
				CLANG_ENABLE_OBJC_WEAK = YES;
				CLANG_WARN_BLOCK_CAPTURE_AUTORELEASING = YES;
				CLANG_WARN_BOOL_CONVERSION = YES;
				CLANG_WARN_COMMA = YES;
				CLANG_WARN_CONSTANT_CONVERSION = YES;
				CLANG_WARN_DEPRECATED_OBJC_IMPLEMENTATIONS = YES;
				CLANG_WARN_DIRECT_OBJC_ISA_USAGE = YES_ERROR;
				CLANG_WARN_DOCUMENTATION_COMMENTS = YES;
				CLANG_WARN_EMPTY_BODY = YES;
				CLANG_WARN_ENUM_CONVERSION = YES;
				CLANG_WARN_INFINITE_RECURSION = YES;
				CLANG_WARN_INT_CONVERSION = YES;
				CLANG_WARN_NON_LITERAL_NULL_CONVERSION = YES;
				CLANG_WARN_OBJC_IMPLICIT_RETAIN_SELF = YES;
				CLANG_WARN_OBJC_LITERAL_CONVERSION = YES;
				CLANG_WARN_OBJC_ROOT_CLASS = YES_ERROR;
				CLANG_WARN_RANGE_LOOP_ANALYSIS = YES;
				CLANG_WARN_STRICT_PROTOTYPES = YES;
				CLANG_WARN_SUSPICIOUS_MOVE = YES;
				CLANG_WARN_UNGUARDED_AVAILABILITY = YES_AGGRESSIVE;
				CLANG_WARN_UNREACHABLE_CODE = YES;
				CLANG_WARN__DUPLICATE_METHOD_MATCH = YES;
				CODE_SIGN_IDENTITY = "iPhone Developer";
				COPY_PHASE_STRIP = NO;
				DEBUG_INFORMATION_FORMAT = "dwarf-with-dsym";
				ENABLE_NS_ASSERTIONS = NO;
				ENABLE_STRICT_OBJC_MSGSEND = YES;
				GCC_C_LANGUAGE_STANDARD = gnu11;
				GCC_NO_COMMON_BLOCKS = YES;
				GCC_WARN_64_TO_32_BIT_CONVERSION = YES;
				GCC_WARN_ABOUT_RETURN_TYPE = YES_ERROR;
				GCC_WARN_UNDECLARED_SELECTOR = YES;
				GCC_WARN_UNINITIALIZED_AUTOS = YES_AGGRESSIVE;
				GCC_WARN_UNUSED_FUNCTION = YES;
				GCC_WARN_UNUSED_VARIABLE = YES;
				IPHONEOS_DEPLOYMENT_TARGET = 12.0;
				MTL_ENABLE_DEBUG_INFO = NO;
				MTL_FAST_MATH = YES;
				SDKROOT = iphoneos;
				SWIFT_COMPILATION_MODE = wholemodule;
				SWIFT_OPTIMIZATION_LEVEL = "-O";
				VALIDATE_PRODUCT = YES;
			};
			name = Release;
		};
		C29D275321AE352800FE1609 /* Debug */ = {
			isa = XCBuildConfiguration;
			baseConfigurationReference = 403E00AE8BD4B4FF9D945F6B /* Pods-Todoey.debug.xcconfig */;
			buildSettings = {
				ASSETCATALOG_COMPILER_APPICON_NAME = AppIcon;
				CODE_SIGN_STYLE = Automatic;
				DEVELOPMENT_TEAM = GMJR78GFGJ;
				INFOPLIST_FILE = Todoey/Info.plist;
				IPHONEOS_DEPLOYMENT_TARGET = 12.1;
				LD_RUNPATH_SEARCH_PATHS = (
					"$(inherited)",
					"@executable_path/Frameworks",
				);
				PRODUCT_BUNDLE_IDENTIFIER = com.bernardlyu.Todoey;
				PRODUCT_NAME = "$(TARGET_NAME)";
				SWIFT_VERSION = 4.2;
				TARGETED_DEVICE_FAMILY = "1,2";
			};
			name = Debug;
		};
		C29D275421AE352800FE1609 /* Release */ = {
			isa = XCBuildConfiguration;
			baseConfigurationReference = A4F347E287210F29F03B83BD /* Pods-Todoey.release.xcconfig */;
			buildSettings = {
				ASSETCATALOG_COMPILER_APPICON_NAME = AppIcon;
				CODE_SIGN_STYLE = Automatic;
				DEVELOPMENT_TEAM = GMJR78GFGJ;
				INFOPLIST_FILE = Todoey/Info.plist;
				IPHONEOS_DEPLOYMENT_TARGET = 12.1;
				LD_RUNPATH_SEARCH_PATHS = (
					"$(inherited)",
					"@executable_path/Frameworks",
				);
				PRODUCT_BUNDLE_IDENTIFIER = com.bernardlyu.Todoey;
				PRODUCT_NAME = "$(TARGET_NAME)";
				SWIFT_VERSION = 4.2;
				TARGETED_DEVICE_FAMILY = "1,2";
			};
			name = Release;
		};
/* End XCBuildConfiguration section */

/* Begin XCConfigurationList section */
		C29D273B21AE352500FE1609 /* Build configuration list for PBXProject "Todoey" */ = {
			isa = XCConfigurationList;
			buildConfigurations = (
				C29D275021AE352800FE1609 /* Debug */,
				C29D275121AE352800FE1609 /* Release */,
			);
			defaultConfigurationIsVisible = 0;
			defaultConfigurationName = Release;
		};
		C29D275221AE352800FE1609 /* Build configuration list for PBXNativeTarget "Todoey" */ = {
			isa = XCConfigurationList;
			buildConfigurations = (
				C29D275321AE352800FE1609 /* Debug */,
				C29D275421AE352800FE1609 /* Release */,
			);
			defaultConfigurationIsVisible = 0;
			defaultConfigurationName = Release;
		};
/* End XCConfigurationList section */

/* Begin XCVersionGroup section */
		C2FAD73121C0DCC3000C8E84 /* DataModel.xcdatamodeld */ = {
			isa = XCVersionGroup;
			children = (
				C2FAD73221C0DCC3000C8E84 /* DataModel.xcdatamodel */,
			);
			currentVersion = C2FAD73221C0DCC3000C8E84 /* DataModel.xcdatamodel */;
			path = DataModel.xcdatamodeld;
			sourceTree = "<group>";
			versionGroupType = wrapper.xcdatamodel;
		};
/* End XCVersionGroup section */
	};
	rootObject = C29D273821AE352500FE1609 /* Project object */;
}
